
Microsoft Visual Studio Solution File, Format Version 12.00
# Visual Studio 15
VisualStudioVersion = 15.0.27428.2037
MinimumVisualStudioVersion = 10.0.40219.1
Project("{FAE04EC0-301F-11D3-BF4B-00C04F79EFBC}") = "MN_BOOKSTORE", "MN_BOOKSTORE\MN_BOOKSTORE.csproj", "{D7E1D0DA-039E-4CBD-8808-9DE2D5C1A063}"
EndProject
Global
	GlobalSection(SolutionConfigurationPlatforms) = preSolution
		Debug|Any CPU = Debug|Any CPU
		Release|Any CPU = Release|Any CPU
	EndGlobalSection
	GlobalSection(ProjectConfigurationPlatforms) = postSolution
		{D7E1D0DA-039E-4CBD-8808-9DE2D5C1A063}.Debug|Any CPU.ActiveCfg = Debug|Any CPU
		{D7E1D0DA-039E-4CBD-8808-9DE2D5C1A063}.Debug|Any CPU.Build.0 = Debug|Any CPU
		{D7E1D0DA-039E-4CBD-8808-9DE2D5C1A063}.Release|Any CPU.ActiveCfg = Release|Any CPU
		{D7E1D0DA-039E-4CBD-8808-9DE2D5C1A063}.Release|Any CPU.Build.0 = Release|Any CPU
	EndGlobalSection
	GlobalSection(SolutionProperties) = preSolution
		HideSolutionNode = FALSE
	EndGlobalSection
	GlobalSection(ExtensibilityGlobals) = postSolution
		SolutionGuid = {BF48EADF-B7BA-4A3B-861B-69403181DC76}
	EndGlobalSection
EndGlobal
